<?xml version="1.0"?>
<Project ToolsVersion="4.0" xmlns="http://schemas.microsoft.com/developer/msbuild/2003">
	<ItemGroup>
		<ClCompile Include="src\ofApp.cpp">
			<Filter>src</Filter>
		</ClCompile>
		<ClCompile Include="src\main.cpp">
			<Filter>src</Filter>
		</ClCompile>
		<ClCompile Include="..\..\..\addons\ofxKinectCommonBridge\src\ofxKinectCommonBridge.cpp">
			<Filter>addons\ofxKinectCommonBridge\src</Filter>
		</ClCompile>
	</ItemGroup>
	<ItemGroup>
		<Filter Include="src">
			<UniqueIdentifier>{d8376475-7454-4a24-b08a-aac121d3ad6f}</UniqueIdentifier>
		</Filter>
		<Filter Include="addons">
			<UniqueIdentifier>{71834f65-f3a9-211e-73b8-dc8563776aec}</UniqueIdentifier>
		</Filter>
		<Filter Include="addons\ofxKinectCommonBridge">
			<UniqueIdentifier>{c749605c-98a3-b486-4b56-9ce4e57551ac}</UniqueIdentifier>
		</Filter>
		<Filter Include="addons\ofxKinectCommonBridge\src">
			<UniqueIdentifier>{d4e44c3f-aecf-c926-c35d-d496cece0719}</UniqueIdentifier>
		</Filter>
		<Filter Include="addons\ofxKinectCommonBridge\libs">
			<UniqueIdentifier>{907db092-2d6f-f552-622d-7488b4add26b}</UniqueIdentifier>
		</Filter>
		<Filter Include="addons\ofxKinectCommonBridge\libs\KinectCommonBridge">
			<UniqueIdentifier>{1f742f8b-805c-311c-befd-591bd0010e61}</UniqueIdentifier>
		</Filter>
		<Filter Include="addons\ofxKinectCommonBridge\libs\KinectCommonBridge\include">
			<UniqueIdentifier>{eb8368c2-9593-7054-3e4e-054e2eb01386}</UniqueIdentifier>
		</Filter>
	</ItemGroup>
	<ItemGroup>
		<ClInclude Include="src\ofApp.h">
			<Filter>src</Filter>
		</ClInclude>
		<ClInclude Include="..\..\..\addons\ofxKinectCommonBridge\src\ofxKinectCommonBridge.h">
			<Filter>addons\ofxKinectCommonBridge\src</Filter>
		</ClInclude>
		<ClInclude Include="..\..\..\addons\ofxKinectCommonBridge\libs\KinectCommonBridge\include\KinectCommonBridgeLib.h">
			<Filter>addons\ofxKinectCommonBridge\libs\KinectCommonBridge\include</Filter>
		</ClInclude>
	</ItemGroup>
	<ItemGroup>
		<ResourceCompile Include="icon.rc" />
	</ItemGroup>
</Project>
