<?xml version="1.0" encoding="utf-8"?>
<Project ToolsVersion="4.0" xmlns="http://schemas.microsoft.com/developer/msbuild/2003">
  <ItemGroup>
    <Filter Include="src">
      <UniqueIdentifier>{56a99a18-ab23-4a06-b594-3d23295b4765}</UniqueIdentifier>
    </Filter>
    <Filter Include="src\ofxMultiTrack">
      <UniqueIdentifier>{7bb95a72-1fb6-4b2d-8d22-5ee2a5de74d6}</UniqueIdentifier>
    </Filter>
    <Filter Include="addons">
      <UniqueIdentifier>{1414836c-c302-414a-b7a5-2627c6253f8f}</UniqueIdentifier>
    </Filter>
    <Filter Include="addons\ofxNetwork">
      <UniqueIdentifier>{8aaa5621-9cfe-4436-b773-be565870d219}</UniqueIdentifier>
    </Filter>
    <Filter Include="addons\ofxNetwork\src">
      <UniqueIdentifier>{80efa46e-1cad-4be2-a5ad-ccd403261d18}</UniqueIdentifier>
    </Filter>
    <Filter Include="addons\ofxJSON">
      <UniqueIdentifier>{b0b4e487-6492-46c5-b3cd-9969840cdf50}</UniqueIdentifier>
    </Filter>
    <Filter Include="addons\ofxJSON\src">
      <UniqueIdentifier>{8ed420ec-8f86-4c7c-ab33-a1959c684209}</UniqueIdentifier>
    </Filter>
    <Filter Include="addons\ofxJSON\libs">
      <UniqueIdentifier>{a101f26c-cbf9-4283-9944-a2508f5c8b50}</UniqueIdentifier>
    </Filter>
    <Filter Include="addons\ofxJSON\libs\jsoncpp">
      <UniqueIdentifier>{6fd41b6e-ba0f-4f90-b884-ec89c0a027fb}</UniqueIdentifier>
    </Filter>
    <Filter Include="addons\ofxJSON\libs\jsoncpp\include">
      <UniqueIdentifier>{04709165-1cb2-412f-b73d-f266cecfa81e}</UniqueIdentifier>
    </Filter>
    <Filter Include="addons\ofxJSON\libs\jsoncpp\include\json">
      <UniqueIdentifier>{a65ebab2-d2b8-4dba-8357-0c39c0091d19}</UniqueIdentifier>
    </Filter>
    <Filter Include="addons\ofxJSON\libs\jsoncpp\src">
      <UniqueIdentifier>{fd146d17-4c4f-41bf-bcfe-a6294de1ff6d}</UniqueIdentifier>
    </Filter>
    <Filter Include="addons\ofxKinectCommonBridge">
      <UniqueIdentifier>{a4aeaf29-264a-4945-beb8-fb76b043262a}</UniqueIdentifier>
    </Filter>
    <Filter Include="addons\ofxKinectCommonBridge\src">
      <UniqueIdentifier>{4cfdd31f-527b-4c8f-ba9a-00fbd6a9ad33}</UniqueIdentifier>
    </Filter>
    <Filter Include="addons\ofxKinectCommonBridge\libs">
      <UniqueIdentifier>{6e992859-a38f-4963-a0ae-95ecba92d0a3}</UniqueIdentifier>
    </Filter>
    <Filter Include="addons\ofxKinectCommonBridge\libs\KinectCommonBridge">
      <UniqueIdentifier>{424c8263-bd61-49e5-aae1-2da8b685a531}</UniqueIdentifier>
    </Filter>
    <Filter Include="addons\ofxKinectCommonBridge\libs\KinectCommonBridge\include">
      <UniqueIdentifier>{e775643f-2132-423c-a48f-5aa5f4733da7}</UniqueIdentifier>
    </Filter>
    <Filter Include="src\ofxMultiTrack\Modules">
      <UniqueIdentifier>{8870adf3-a605-49bd-867c-8c15bb5515a6}</UniqueIdentifier>
    </Filter>
    <Filter Include="src\ofxMultiTrack\Devices">
      <UniqueIdentifier>{3dd75bf9-2077-4b1d-b760-9ddf55aa4e9d}</UniqueIdentifier>
    </Filter>
    <Filter Include="src\ofxMultiTrack\Utils">
      <UniqueIdentifier>{eb21ce4b-ddef-406a-a72b-21f890b406aa}</UniqueIdentifier>
    </Filter>
    <Filter Include="src\ofxMultiTrack\ServerData">
      <UniqueIdentifier>{0c1bdb2a-3d44-4b27-9673-79237415d320}</UniqueIdentifier>
    </Filter>
    <Filter Include="addons\ofxPolyfit">
      <UniqueIdentifier>{e4c8e766-242c-43f2-a9da-1138ef98b8e7}</UniqueIdentifier>
    </Filter>
    <Filter Include="addons\ofxPolyfit\libs">
      <UniqueIdentifier>{ce77b95e-9d32-4158-9d35-a911f8dbd288}</UniqueIdentifier>
    </Filter>
    <Filter Include="addons\ofxPolyfit\libs\PolyNFit">
      <UniqueIdentifier>{c3c542f1-cfab-4e05-a5af-535f6cb10ad5}</UniqueIdentifier>
    </Filter>
    <Filter Include="addons\ofxPolyfit\libs\PolyNFit\src">
      <UniqueIdentifier>{abce76d6-896a-48f1-ae46-401de65d668b}</UniqueIdentifier>
    </Filter>
    <Filter Include="addons\ofxPolyfit\libs\PolyNFit\src\Data">
      <UniqueIdentifier>{18f1842a-87b6-425c-a88d-e72652bfac72}</UniqueIdentifier>
    </Filter>
    <Filter Include="addons\ofxPolyfit\src">
      <UniqueIdentifier>{666771f4-ddc9-4986-ade4-a58757b71231}</UniqueIdentifier>
    </Filter>
    <Filter Include="src\ofxMultiTrack\Align">
      <UniqueIdentifier>{ea7ce074-6135-4a80-940d-25151ce299e9}</UniqueIdentifier>
    </Filter>
  </ItemGroup>
  <ItemGroup>
    <None Include="..\src\ofxMultiTrack.h">
      <Filter>src</Filter>
    </None>
  </ItemGroup>
  <ItemGroup>
    <ClInclude Include="..\src\ofxMultiTrack\Node.h">
      <Filter>src\ofxMultiTrack</Filter>
    </ClInclude>
    <ClInclude Include="..\..\ofxNetwork\src\ofxNetwork.h">
      <Filter>addons\ofxNetwork\src</Filter>
    </ClInclude>
    <ClInclude Include="..\..\ofxNetwork\src\ofxNetworkUtils.h">
      <Filter>addons\ofxNetwork\src</Filter>
    </ClInclude>
    <ClInclude Include="..\..\ofxNetwork\src\ofxTCPClient.h">
      <Filter>addons\ofxNetwork\src</Filter>
    </ClInclude>
    <ClInclude Include="..\..\ofxNetwork\src\ofxTCPManager.h">
      <Filter>addons\ofxNetwork\src</Filter>
    </ClInclude>
    <ClInclude Include="..\..\ofxNetwork\src\ofxTCPServer.h">
      <Filter>addons\ofxNetwork\src</Filter>
    </ClInclude>
    <ClInclude Include="..\..\ofxNetwork\src\ofxUDPManager.h">
      <Filter>addons\ofxNetwork\src</Filter>
    </ClInclude>
    <ClInclude Include="..\..\ofxJSON\src\ofxJSONElement.h">
      <Filter>addons\ofxJSON\src</Filter>
    </ClInclude>
    <ClInclude Include="..\..\ofxJSON\libs\jsoncpp\include\json\autolink.h">
      <Filter>addons\ofxJSON\libs\jsoncpp\include\json</Filter>
    </ClInclude>
    <ClInclude Include="..\..\ofxJSON\libs\jsoncpp\include\json\config.h">
      <Filter>addons\ofxJSON\libs\jsoncpp\include\json</Filter>
    </ClInclude>
    <ClInclude Include="..\..\ofxJSON\libs\jsoncpp\include\json\features.h">
      <Filter>addons\ofxJSON\libs\jsoncpp\include\json</Filter>
    </ClInclude>
    <ClInclude Include="..\..\ofxJSON\libs\jsoncpp\include\json\forwards.h">
      <Filter>addons\ofxJSON\libs\jsoncpp\include\json</Filter>
    </ClInclude>
    <ClInclude Include="..\..\ofxJSON\libs\jsoncpp\include\json\json.h">
      <Filter>addons\ofxJSON\libs\jsoncpp\include\json</Filter>
    </ClInclude>
    <ClInclude Include="..\..\ofxJSON\libs\jsoncpp\include\json\reader.h">
      <Filter>addons\ofxJSON\libs\jsoncpp\include\json</Filter>
    </ClInclude>
    <ClInclude Include="..\..\ofxJSON\libs\jsoncpp\include\json\value.h">
      <Filter>addons\ofxJSON\libs\jsoncpp\include\json</Filter>
    </ClInclude>
    <ClInclude Include="..\..\ofxJSON\libs\jsoncpp\include\json\writer.h">
      <Filter>addons\ofxJSON\libs\jsoncpp\include\json</Filter>
    </ClInclude>
    <ClInclude Include="..\..\ofxJSON\libs\jsoncpp\src\json_batchallocator.h">
      <Filter>addons\ofxJSON\libs\jsoncpp\src</Filter>
    </ClInclude>
    <ClInclude Include="..\..\ofxJSON\libs\jsoncpp\src\json_tool.h">
      <Filter>addons\ofxJSON\libs\jsoncpp\src</Filter>
    </ClInclude>
    <ClInclude Include="..\..\ofxKinectCommonBridge\src\ofxKinectCommonBridge.h">
      <Filter>addons\ofxKinectCommonBridge\src</Filter>
    </ClInclude>
    <ClInclude Include="..\..\ofxKinectCommonBridge\libs\KinectCommonBridge\include\KinectCommonBridgeLib.h">
      <Filter>addons\ofxKinectCommonBridge\libs\KinectCommonBridge\include</Filter>
    </ClInclude>
    <ClInclude Include="..\src\ofxMultiTrack\Modules\Base.h">
      <Filter>src\ofxMultiTrack\Modules</Filter>
    </ClInclude>
    <ClInclude Include="..\src\ofxMultiTrack\Modules\Skeleton.h">
      <Filter>src\ofxMultiTrack\Modules</Filter>
    </ClInclude>
    <ClInclude Include="..\src\ofxMultiTrack\Devices\Base.h">
      <Filter>src\ofxMultiTrack\Devices</Filter>
    </ClInclude>
    <ClInclude Include="..\src\ofxMultiTrack\Devices\KinectSDK.h">
      <Filter>src\ofxMultiTrack\Devices</Filter>
    </ClInclude>
    <ClInclude Include="..\src\ofxMultiTrack\Modules\Set.h">
      <Filter>src\ofxMultiTrack\Modules</Filter>
    </ClInclude>
    <ClInclude Include="..\src\ofxMultiTrack\Devices\Set.h">
      <Filter>src\ofxMultiTrack\Devices</Filter>
    </ClInclude>
    <ClInclude Include="..\src\ofxMultiTrack\Server.h">
      <Filter>src\ofxMultiTrack</Filter>
    </ClInclude>
    <ClInclude Include="..\src\ofxMultiTrack\Utils\Constants.h">
      <Filter>src\ofxMultiTrack\Utils</Filter>
    </ClInclude>
    <ClInclude Include="..\src\ofxMultiTrack\Utils\Types.h">
      <Filter>src\ofxMultiTrack\Utils</Filter>
    </ClInclude>
    <ClInclude Include="..\src\ofxMultiTrack\ServerData\Recording.h">
      <Filter>src\ofxMultiTrack\ServerData</Filter>
    </ClInclude>
    <ClInclude Include="..\src\ofxMultiTrack\ServerData\NodeConnection.h">
      <Filter>src\ofxMultiTrack\ServerData</Filter>
    </ClInclude>
    <ClInclude Include="..\src\ofxMultiTrack\ServerData\Recorder.h">
      <Filter>src\ofxMultiTrack\ServerData</Filter>
    </ClInclude>
    <ClInclude Include="..\..\ofxPolyfit\libs\PolyNFit\src\basisTransformIndices.h">
      <Filter>addons\ofxPolyfit\libs\PolyNFit\src</Filter>
    </ClInclude>
    <ClInclude Include="..\..\ofxPolyfit\libs\PolyNFit\src\FitBase.h">
      <Filter>addons\ofxPolyfit\libs\PolyNFit\src</Filter>
    </ClInclude>
    <ClInclude Include="..\..\ofxPolyfit\libs\PolyNFit\src\matrix.h">
      <Filter>addons\ofxPolyfit\libs\PolyNFit\src</Filter>
    </ClInclude>
    <ClInclude Include="..\..\ofxPolyfit\libs\PolyNFit\src\polyNfit.h">
      <Filter>addons\ofxPolyfit\libs\PolyNFit\src</Filter>
    </ClInclude>
    <ClInclude Include="..\..\ofxPolyfit\libs\PolyNFit\src\powerBases.h">
      <Filter>addons\ofxPolyfit\libs\PolyNFit\src</Filter>
    </ClInclude>
    <ClInclude Include="..\..\ofxPolyfit\libs\PolyNFit\src\Data\pfitBasis.h">
      <Filter>addons\ofxPolyfit\libs\PolyNFit\src\Data</Filter>
    </ClInclude>
    <ClInclude Include="..\..\ofxPolyfit\libs\PolyNFit\src\Data\pfitDataPoint.h">
      <Filter>addons\ofxPolyfit\libs\PolyNFit\src\Data</Filter>
    </ClInclude>
    <ClInclude Include="..\..\ofxPolyfit\libs\PolyNFit\src\Data\pfitDataSet.h">
      <Filter>addons\ofxPolyfit\libs\PolyNFit\src\Data</Filter>
    </ClInclude>
    <ClInclude Include="..\..\ofxPolyfit\src\ofxPolyPlane.h">
      <Filter>addons\ofxPolyfit\src</Filter>
    </ClInclude>
    <ClInclude Include="..\..\ofxPolyfit\src\ofxPolyFit.h">
      <Filter>addons\ofxPolyfit\src</Filter>
    </ClInclude>
    <ClInclude Include="..\src\ofxMultiTrack\Align\Base.h">
      <Filter>src\ofxMultiTrack\Align</Filter>
    </ClInclude>
    <ClInclude Include="..\src\ofxMultiTrack\Align\PolyFit.h">
      <Filter>src\ofxMultiTrack\Align</Filter>
    </ClInclude>
    <ClInclude Include="..\src\ofxMultiTrack\ServerData\NodeSet.h">
      <Filter>src\ofxMultiTrack\ServerData</Filter>
    </ClInclude>
    <ClInclude Include="..\src\ofxMultiTrack\Align\Default.h">
      <Filter>src\ofxMultiTrack\Align</Filter>
    </ClInclude>
  </ItemGroup>
  <ItemGroup>
    <ClCompile Include="..\..\ofxNetwork\src\ofxTCPClient.cpp">
      <Filter>addons\ofxNetwork\src</Filter>
    </ClCompile>
    <ClCompile Include="..\..\ofxNetwork\src\ofxTCPManager.cpp">
      <Filter>addons\ofxNetwork\src</Filter>
    </ClCompile>
    <ClCompile Include="..\..\ofxNetwork\src\ofxTCPServer.cpp">
      <Filter>addons\ofxNetwork\src</Filter>
    </ClCompile>
    <ClCompile Include="..\..\ofxNetwork\src\ofxUDPManager.cpp">
      <Filter>addons\ofxNetwork\src</Filter>
    </ClCompile>
    <ClCompile Include="..\..\ofxJSON\src\ofxJSONElement.cpp">
      <Filter>addons\ofxJSON\src</Filter>
    </ClCompile>
    <ClCompile Include="..\..\ofxJSON\libs\jsoncpp\src\json_reader.cpp">
      <Filter>addons\ofxJSON\libs\jsoncpp\src</Filter>
    </ClCompile>
    <ClCompile Include="..\..\ofxJSON\libs\jsoncpp\src\json_value.cpp">
      <Filter>addons\ofxJSON\libs\jsoncpp\src</Filter>
    </ClCompile>
    <ClCompile Include="..\..\ofxJSON\libs\jsoncpp\src\json_writer.cpp">
      <Filter>addons\ofxJSON\libs\jsoncpp\src</Filter>
    </ClCompile>
    <ClCompile Include="..\..\ofxKinectCommonBridge\src\ofxKinectCommonBridge.cpp">
      <Filter>addons\ofxKinectCommonBridge\src</Filter>
    </ClCompile>
    <ClCompile Include="..\src\ofxMultiTrack\Node.cpp">
      <Filter>src\ofxMultiTrack</Filter>
    </ClCompile>
    <ClCompile Include="..\src\ofxMultiTrack\Devices\KinectSDK.cpp">
      <Filter>src\ofxMultiTrack\Devices</Filter>
    </ClCompile>
    <ClCompile Include="..\src\ofxMultiTrack\Modules\Skeleton.cpp">
      <Filter>src\ofxMultiTrack\Modules</Filter>
    </ClCompile>
    <ClCompile Include="..\src\ofxMultiTrack\Server.cpp">
      <Filter>src\ofxMultiTrack</Filter>
    </ClCompile>
    <ClCompile Include="..\src\ofxMultiTrack\Utils\Types.cpp">
      <Filter>src\ofxMultiTrack\Utils</Filter>
    </ClCompile>
    <ClCompile Include="..\src\ofxMultiTrack\ServerData\Recording.cpp">
      <Filter>src\ofxMultiTrack\ServerData</Filter>
    </ClCompile>
    <ClCompile Include="..\src\ofxMultiTrack\ServerData\NodeConnection.cpp">
      <Filter>src\ofxMultiTrack\ServerData</Filter>
    </ClCompile>
    <ClCompile Include="..\src\ofxMultiTrack\ServerData\Recorder.cpp">
      <Filter>src\ofxMultiTrack\ServerData</Filter>
    </ClCompile>
    <ClCompile Include="..\..\ofxPolyfit\libs\PolyNFit\src\basisTransformIndices.cpp">
      <Filter>addons\ofxPolyfit\libs\PolyNFit\src</Filter>
    </ClCompile>
    <ClCompile Include="..\..\ofxPolyfit\libs\PolyNFit\src\FitBase.cpp">
      <Filter>addons\ofxPolyfit\libs\PolyNFit\src</Filter>
    </ClCompile>
    <ClCompile Include="..\..\ofxPolyfit\libs\PolyNFit\src\matrix.cpp">
      <Filter>addons\ofxPolyfit\libs\PolyNFit\src</Filter>
    </ClCompile>
    <ClCompile Include="..\..\ofxPolyfit\libs\PolyNFit\src\polyNfit.cpp">
      <Filter>addons\ofxPolyfit\libs\PolyNFit\src</Filter>
    </ClCompile>
    <ClCompile Include="..\..\ofxPolyfit\libs\PolyNFit\src\powerBases.cpp">
      <Filter>addons\ofxPolyfit\libs\PolyNFit\src</Filter>
    </ClCompile>
    <ClCompile Include="..\..\ofxPolyfit\libs\PolyNFit\src\Data\pfitDataPoint.cpp">
      <Filter>addons\ofxPolyfit\libs\PolyNFit\src\Data</Filter>
    </ClCompile>
    <ClCompile Include="..\..\ofxPolyfit\libs\PolyNFit\src\Data\pfitDataSet.cpp">
      <Filter>addons\ofxPolyfit\libs\PolyNFit\src\Data</Filter>
    </ClCompile>
    <ClCompile Include="..\..\ofxPolyfit\libs\PolyNFit\src\Data\pfitBasis.cpp">
      <Filter>addons\ofxPolyfit\libs\PolyNFit\src\Data</Filter>
    </ClCompile>
    <ClCompile Include="..\..\ofxPolyfit\src\ofxPolyPlane.cpp">
      <Filter>addons\ofxPolyfit\src</Filter>
    </ClCompile>
    <ClCompile Include="..\..\ofxPolyfit\src\ofxPolyFit.cpp">
      <Filter>addons\ofxPolyfit\src</Filter>
    </ClCompile>
    <ClCompile Include="..\src\ofxMultiTrack\Align\PolyFit.cpp">
      <Filter>src\ofxMultiTrack\Align</Filter>
    </ClCompile>
    <ClCompile Include="..\src\ofxMultiTrack\ServerData\NodeSet.cpp">
      <Filter>src\ofxMultiTrack\ServerData</Filter>
    </ClCompile>
  </ItemGroup>
</Project>