<?xml version="1.0" encoding="utf-8"?>
<Project ToolsVersion="4.0" xmlns="http://schemas.microsoft.com/developer/msbuild/2003">
  <ItemGroup>
    <Filter Include="src">
      <UniqueIdentifier>{56a99a18-ab23-4a06-b594-3d23295b4765}</UniqueIdentifier>
    </Filter>
    <Filter Include="src\ofxMultiTrack">
      <UniqueIdentifier>{7bb95a72-1fb6-4b2d-8d22-5ee2a5de74d6}</UniqueIdentifier>
    </Filter>
    <Filter Include="addons">
      <UniqueIdentifier>{1414836c-c302-414a-b7a5-2627c6253f8f}</UniqueIdentifier>
    </Filter>
    <Filter Include="addons\ofxNetwork">
      <UniqueIdentifier>{8aaa5621-9cfe-4436-b773-be565870d219}</UniqueIdentifier>
    </Filter>
    <Filter Include="addons\ofxNetwork\src">
      <UniqueIdentifier>{80efa46e-1cad-4be2-a5ad-ccd403261d18}</UniqueIdentifier>
    </Filter>
    <Filter Include="addons\ofxJSON">
      <UniqueIdentifier>{b0b4e487-6492-46c5-b3cd-9969840cdf50}</UniqueIdentifier>
    </Filter>
    <Filter Include="addons\ofxJSON\src">
      <UniqueIdentifier>{8ed420ec-8f86-4c7c-ab33-a1959c684209}</UniqueIdentifier>
    </Filter>
    <Filter Include="addons\ofxJSON\libs">
      <UniqueIdentifier>{a101f26c-cbf9-4283-9944-a2508f5c8b50}</UniqueIdentifier>
    </Filter>
    <Filter Include="addons\ofxJSON\libs\jsoncpp">
      <UniqueIdentifier>{6fd41b6e-ba0f-4f90-b884-ec89c0a027fb}</UniqueIdentifier>
    </Filter>
    <Filter Include="addons\ofxJSON\libs\jsoncpp\include">
      <UniqueIdentifier>{04709165-1cb2-412f-b73d-f266cecfa81e}</UniqueIdentifier>
    </Filter>
    <Filter Include="addons\ofxJSON\libs\jsoncpp\include\json">
      <UniqueIdentifier>{a65ebab2-d2b8-4dba-8357-0c39c0091d19}</UniqueIdentifier>
    </Filter>
    <Filter Include="addons\ofxJSON\libs\jsoncpp\src">
      <UniqueIdentifier>{fd146d17-4c4f-41bf-bcfe-a6294de1ff6d}</UniqueIdentifier>
    </Filter>
    <Filter Include="addons\ofxKinectCommonBridge">
      <UniqueIdentifier>{a4aeaf29-264a-4945-beb8-fb76b043262a}</UniqueIdentifier>
    </Filter>
    <Filter Include="addons\ofxKinectCommonBridge\src">
      <UniqueIdentifier>{4cfdd31f-527b-4c8f-ba9a-00fbd6a9ad33}</UniqueIdentifier>
    </Filter>
    <Filter Include="addons\ofxKinectCommonBridge\libs">
      <UniqueIdentifier>{6e992859-a38f-4963-a0ae-95ecba92d0a3}</UniqueIdentifier>
    </Filter>
    <Filter Include="addons\ofxKinectCommonBridge\libs\KinectCommonBridge">
      <UniqueIdentifier>{424c8263-bd61-49e5-aae1-2da8b685a531}</UniqueIdentifier>
    </Filter>
    <Filter Include="addons\ofxKinectCommonBridge\libs\KinectCommonBridge\include">
      <UniqueIdentifier>{e775643f-2132-423c-a48f-5aa5f4733da7}</UniqueIdentifier>
    </Filter>
    <Filter Include="src\ofxMultiTrack\Modules">
      <UniqueIdentifier>{8870adf3-a605-49bd-867c-8c15bb5515a6}</UniqueIdentifier>
    </Filter>
    <Filter Include="src\ofxMultiTrack\Devices">
      <UniqueIdentifier>{3dd75bf9-2077-4b1d-b760-9ddf55aa4e9d}</UniqueIdentifier>
    </Filter>
    <Filter Include="src\ofxMultiTrack\Utils">
      <UniqueIdentifier>{eb21ce4b-ddef-406a-a72b-21f890b406aa}</UniqueIdentifier>
    </Filter>
    <Filter Include="src\ofxMultiTrack\ServerData">
      <UniqueIdentifier>{0c1bdb2a-3d44-4b27-9673-79237415d320}</UniqueIdentifier>
    </Filter>
    <Filter Include="addons\ofxPolyfit">
      <UniqueIdentifier>{e4c8e766-242c-43f2-a9da-1138ef98b8e7}</UniqueIdentifier>
    </Filter>
    <Filter Include="addons\ofxPolyfit\libs">
      <UniqueIdentifier>{ce77b95e-9d32-4158-9d35-a911f8dbd288}</UniqueIdentifier>
    </Filter>
    <Filter Include="addons\ofxPolyfit\libs\PolyNFit">
      <UniqueIdentifier>{c3c542f1-cfab-4e05-a5af-535f6cb10ad5}</UniqueIdentifier>
    </Filter>
    <Filter Include="addons\ofxPolyfit\libs\PolyNFit\src">
      <UniqueIdentifier>{abce76d6-896a-48f1-ae46-401de65d668b}</UniqueIdentifier>
    </Filter>
    <Filter Include="addons\ofxPolyfit\libs\PolyNFit\src\Data">
      <UniqueIdentifier>{18f1842a-87b6-425c-a88d-e72652bfac72}</UniqueIdentifier>
    </Filter>
    <Filter Include="addons\ofxPolyfit\src">
      <UniqueIdentifier>{666771f4-ddc9-4986-ade4-a58757b71231}</UniqueIdentifier>
    </Filter>
    <Filter Include="src\ofxMultiTrack\Align">
      <UniqueIdentifier>{ea7ce074-6135-4a80-940d-25151ce299e9}</UniqueIdentifier>
    </Filter>
    <Filter Include="addons\ofxTSP">
      <UniqueIdentifier>{617d0f2a-9367-406e-a08f-c8836da6c0f8}</UniqueIdentifier>
    </Filter>
    <Filter Include="addons\ofxTSP\src">
      <UniqueIdentifier>{00f6deff-4d92-40ed-8cfa-3aac401dbf24}</UniqueIdentifier>
    </Filter>
    <Filter Include="addons\ofxTSP\src\ofxTSP">
      <UniqueIdentifier>{3b6d1f4e-9c46-4334-942c-2edde77ee019}</UniqueIdentifier>
    </Filter>
    <Filter Include="addons\ofxAssets">
      <UniqueIdentifier>{3e3e8473-312a-478e-8412-1b4db7241bfc}</UniqueIdentifier>
    </Filter>
    <Filter Include="addons\ofxAssets\src">
      <UniqueIdentifier>{6064b4f9-c155-462c-b3e9-0cbbb96b591f}</UniqueIdentifier>
    </Filter>
    <Filter Include="addons\ofxNonLinearFit">
      <UniqueIdentifier>{566ac86c-6b86-42ad-aaba-ac7f046e9174}</UniqueIdentifier>
    </Filter>
    <Filter Include="addons\ofxNonLinearFit\src">
      <UniqueIdentifier>{5a703216-adfe-4ec0-9ae5-4eda58a2edbb}</UniqueIdentifier>
    </Filter>
    <Filter Include="addons\ofxNonLinearFit\src\ofxNonLinearFit">
      <UniqueIdentifier>{63e2d141-bd0e-43a2-b54a-3a855000b0ae}</UniqueIdentifier>
    </Filter>
    <Filter Include="addons\ofxNonLinearFit\src\ofxNonLinearFit\Models">
      <UniqueIdentifier>{2664a84b-cbe7-44fd-ab55-0a7e66a24cd4}</UniqueIdentifier>
    </Filter>
    <Filter Include="addons\ofxNonLinearFit\lib">
      <UniqueIdentifier>{ea715a2e-552d-4dc2-9aeb-c3be63b79e9e}</UniqueIdentifier>
    </Filter>
    <Filter Include="addons\ofxNonLinearFit\lib\NLopt">
      <UniqueIdentifier>{7177f174-334c-4ed7-b0ca-0b3caa0a64a4}</UniqueIdentifier>
    </Filter>
    <Filter Include="addons\ofxNonLinearFit\lib\NLopt\include">
      <UniqueIdentifier>{7ec59e9d-74b7-4783-9ce4-07adbd14c879}</UniqueIdentifier>
    </Filter>
    <Filter Include="addons\ofxTriangle">
      <UniqueIdentifier>{8be00454-af07-4a0c-bdae-885aab0b164d}</UniqueIdentifier>
    </Filter>
    <Filter Include="addons\ofxTriangle\src">
      <UniqueIdentifier>{37ed42d1-f528-452f-8de3-c10040b7d52d}</UniqueIdentifier>
    </Filter>
    <Filter Include="addons\ofxTriangle\libs">
      <UniqueIdentifier>{48c391cc-acf5-45ea-a699-74186c3edece}</UniqueIdentifier>
    </Filter>
    <Filter Include="addons\ofxTriangle\libs\Triangle">
      <UniqueIdentifier>{405c9226-d221-46f5-974b-76d85f9c3986}</UniqueIdentifier>
    </Filter>
    <Filter Include="addons\ofxTriangle\libs\Triangle\include">
      <UniqueIdentifier>{4b14108d-f626-4b2e-b21f-92ad9ffac19e}</UniqueIdentifier>
    </Filter>
    <Filter Include="addons\ofxTriangle\libs\Triangle\src">
      <UniqueIdentifier>{a2af50ea-e6ae-4a43-8e8a-ac306e0ebeb4}</UniqueIdentifier>
    </Filter>
    <Filter Include="addons\ofxOsc">
      <UniqueIdentifier>{68cb8070-3c79-4ced-9ade-f7afd8ae6651}</UniqueIdentifier>
    </Filter>
    <Filter Include="addons\ofxOsc\libs">
      <UniqueIdentifier>{ad08bb0a-9c6c-468e-a13c-68928f95a464}</UniqueIdentifier>
    </Filter>
    <Filter Include="addons\ofxOsc\libs\oscpack">
      <UniqueIdentifier>{ba58ed86-01c8-4002-95ec-dd7f45f3880f}</UniqueIdentifier>
    </Filter>
    <Filter Include="addons\ofxOsc\libs\oscpack\src">
      <UniqueIdentifier>{8918ef8b-6804-4d02-a841-e27c9c623551}</UniqueIdentifier>
    </Filter>
    <Filter Include="addons\ofxOsc\libs\oscpack\src\ip">
      <UniqueIdentifier>{08691218-8ba9-4f6f-9aaa-f3fe7be64ca1}</UniqueIdentifier>
    </Filter>
    <Filter Include="addons\ofxOsc\libs\oscpack\src\ip\win32">
      <UniqueIdentifier>{1250bf4c-c59e-41d8-bd55-4e849fcd467b}</UniqueIdentifier>
    </Filter>
    <Filter Include="addons\ofxOsc\libs\oscpack\src\osc">
      <UniqueIdentifier>{e64995ed-c53c-4dc3-9819-2661cab79b61}</UniqueIdentifier>
    </Filter>
    <Filter Include="addons\ofxOsc\src">
      <UniqueIdentifier>{86f58629-a811-4ef6-8ff2-d680b71a6f10}</UniqueIdentifier>
    </Filter>
  </ItemGroup>
  <ItemGroup>
    <None Include="..\src\ofxMultiTrack.h">
      <Filter>src</Filter>
    </None>
  </ItemGroup>
  <ItemGroup>
    <ClInclude Include="..\src\ofxMultiTrack\Node.h">
      <Filter>src\ofxMultiTrack</Filter>
    </ClInclude>
    <ClInclude Include="..\..\ofxNetwork\src\ofxNetwork.h">
      <Filter>addons\ofxNetwork\src</Filter>
    </ClInclude>
    <ClInclude Include="..\..\ofxNetwork\src\ofxNetworkUtils.h">
      <Filter>addons\ofxNetwork\src</Filter>
    </ClInclude>
    <ClInclude Include="..\..\ofxNetwork\src\ofxTCPClient.h">
      <Filter>addons\ofxNetwork\src</Filter>
    </ClInclude>
    <ClInclude Include="..\..\ofxNetwork\src\ofxTCPManager.h">
      <Filter>addons\ofxNetwork\src</Filter>
    </ClInclude>
    <ClInclude Include="..\..\ofxNetwork\src\ofxTCPServer.h">
      <Filter>addons\ofxNetwork\src</Filter>
    </ClInclude>
    <ClInclude Include="..\..\ofxNetwork\src\ofxUDPManager.h">
      <Filter>addons\ofxNetwork\src</Filter>
    </ClInclude>
    <ClInclude Include="..\..\ofxJSON\src\ofxJSONElement.h">
      <Filter>addons\ofxJSON\src</Filter>
    </ClInclude>
    <ClInclude Include="..\..\ofxJSON\libs\jsoncpp\include\json\autolink.h">
      <Filter>addons\ofxJSON\libs\jsoncpp\include\json</Filter>
    </ClInclude>
    <ClInclude Include="..\..\ofxJSON\libs\jsoncpp\include\json\config.h">
      <Filter>addons\ofxJSON\libs\jsoncpp\include\json</Filter>
    </ClInclude>
    <ClInclude Include="..\..\ofxJSON\libs\jsoncpp\include\json\features.h">
      <Filter>addons\ofxJSON\libs\jsoncpp\include\json</Filter>
    </ClInclude>
    <ClInclude Include="..\..\ofxJSON\libs\jsoncpp\include\json\forwards.h">
      <Filter>addons\ofxJSON\libs\jsoncpp\include\json</Filter>
    </ClInclude>
    <ClInclude Include="..\..\ofxJSON\libs\jsoncpp\include\json\json.h">
      <Filter>addons\ofxJSON\libs\jsoncpp\include\json</Filter>
    </ClInclude>
    <ClInclude Include="..\..\ofxJSON\libs\jsoncpp\include\json\reader.h">
      <Filter>addons\ofxJSON\libs\jsoncpp\include\json</Filter>
    </ClInclude>
    <ClInclude Include="..\..\ofxJSON\libs\jsoncpp\include\json\value.h">
      <Filter>addons\ofxJSON\libs\jsoncpp\include\json</Filter>
    </ClInclude>
    <ClInclude Include="..\..\ofxJSON\libs\jsoncpp\include\json\writer.h">
      <Filter>addons\ofxJSON\libs\jsoncpp\include\json</Filter>
    </ClInclude>
    <ClInclude Include="..\..\ofxJSON\libs\jsoncpp\src\json_batchallocator.h">
      <Filter>addons\ofxJSON\libs\jsoncpp\src</Filter>
    </ClInclude>
    <ClInclude Include="..\..\ofxJSON\libs\jsoncpp\src\json_tool.h">
      <Filter>addons\ofxJSON\libs\jsoncpp\src</Filter>
    </ClInclude>
    <ClInclude Include="..\..\ofxKinectCommonBridge\src\ofxKinectCommonBridge.h">
      <Filter>addons\ofxKinectCommonBridge\src</Filter>
    </ClInclude>
    <ClInclude Include="..\..\ofxKinectCommonBridge\libs\KinectCommonBridge\include\KinectCommonBridgeLib.h">
      <Filter>addons\ofxKinectCommonBridge\libs\KinectCommonBridge\include</Filter>
    </ClInclude>
    <ClInclude Include="..\src\ofxMultiTrack\Modules\Base.h">
      <Filter>src\ofxMultiTrack\Modules</Filter>
    </ClInclude>
    <ClInclude Include="..\src\ofxMultiTrack\Modules\Skeleton.h">
      <Filter>src\ofxMultiTrack\Modules</Filter>
    </ClInclude>
    <ClInclude Include="..\src\ofxMultiTrack\Devices\Base.h">
      <Filter>src\ofxMultiTrack\Devices</Filter>
    </ClInclude>
    <ClInclude Include="..\src\ofxMultiTrack\Devices\KinectSDK.h">
      <Filter>src\ofxMultiTrack\Devices</Filter>
    </ClInclude>
    <ClInclude Include="..\src\ofxMultiTrack\Modules\Set.h">
      <Filter>src\ofxMultiTrack\Modules</Filter>
    </ClInclude>
    <ClInclude Include="..\src\ofxMultiTrack\Devices\Set.h">
      <Filter>src\ofxMultiTrack\Devices</Filter>
    </ClInclude>
    <ClInclude Include="..\src\ofxMultiTrack\Server.h">
      <Filter>src\ofxMultiTrack</Filter>
    </ClInclude>
    <ClInclude Include="..\src\ofxMultiTrack\Utils\Constants.h">
      <Filter>src\ofxMultiTrack\Utils</Filter>
    </ClInclude>
    <ClInclude Include="..\src\ofxMultiTrack\ServerData\Recording.h">
      <Filter>src\ofxMultiTrack\ServerData</Filter>
    </ClInclude>
    <ClInclude Include="..\src\ofxMultiTrack\ServerData\NodeConnection.h">
      <Filter>src\ofxMultiTrack\ServerData</Filter>
    </ClInclude>
    <ClInclude Include="..\src\ofxMultiTrack\ServerData\Recorder.h">
      <Filter>src\ofxMultiTrack\ServerData</Filter>
    </ClInclude>
    <ClInclude Include="..\..\ofxPolyfit\libs\PolyNFit\src\basisTransformIndices.h">
      <Filter>addons\ofxPolyfit\libs\PolyNFit\src</Filter>
    </ClInclude>
    <ClInclude Include="..\..\ofxPolyfit\libs\PolyNFit\src\FitBase.h">
      <Filter>addons\ofxPolyfit\libs\PolyNFit\src</Filter>
    </ClInclude>
    <ClInclude Include="..\..\ofxPolyfit\libs\PolyNFit\src\matrix.h">
      <Filter>addons\ofxPolyfit\libs\PolyNFit\src</Filter>
    </ClInclude>
    <ClInclude Include="..\..\ofxPolyfit\libs\PolyNFit\src\polyNfit.h">
      <Filter>addons\ofxPolyfit\libs\PolyNFit\src</Filter>
    </ClInclude>
    <ClInclude Include="..\..\ofxPolyfit\libs\PolyNFit\src\powerBases.h">
      <Filter>addons\ofxPolyfit\libs\PolyNFit\src</Filter>
    </ClInclude>
    <ClInclude Include="..\..\ofxPolyfit\libs\PolyNFit\src\Data\pfitBasis.h">
      <Filter>addons\ofxPolyfit\libs\PolyNFit\src\Data</Filter>
    </ClInclude>
    <ClInclude Include="..\..\ofxPolyfit\libs\PolyNFit\src\Data\pfitDataPoint.h">
      <Filter>addons\ofxPolyfit\libs\PolyNFit\src\Data</Filter>
    </ClInclude>
    <ClInclude Include="..\..\ofxPolyfit\libs\PolyNFit\src\Data\pfitDataSet.h">
      <Filter>addons\ofxPolyfit\libs\PolyNFit\src\Data</Filter>
    </ClInclude>
    <ClInclude Include="..\..\ofxPolyfit\src\ofxPolyPlane.h">
      <Filter>addons\ofxPolyfit\src</Filter>
    </ClInclude>
    <ClInclude Include="..\..\ofxPolyfit\src\ofxPolyFit.h">
      <Filter>addons\ofxPolyfit\src</Filter>
    </ClInclude>
    <ClInclude Include="..\src\ofxMultiTrack\Align\Base.h">
      <Filter>src\ofxMultiTrack\Align</Filter>
    </ClInclude>
    <ClInclude Include="..\src\ofxMultiTrack\Align\PolyFit.h">
      <Filter>src\ofxMultiTrack\Align</Filter>
    </ClInclude>
    <ClInclude Include="..\src\ofxMultiTrack\ServerData\NodeSet.h">
      <Filter>src\ofxMultiTrack\ServerData</Filter>
    </ClInclude>
    <ClInclude Include="..\src\ofxMultiTrack\Utils\Types.h">
      <Filter>src\ofxMultiTrack\Utils</Filter>
    </ClInclude>
    <ClInclude Include="..\src\ofxMultiTrack\ServerData\User.h">
      <Filter>src\ofxMultiTrack\ServerData</Filter>
    </ClInclude>
    <ClInclude Include="..\..\ofxTSP\src\ofxTSP.h">
      <Filter>addons\ofxTSP\src</Filter>
    </ClInclude>
    <ClInclude Include="..\..\ofxTSP\src\ofxTSP\Problem.h">
      <Filter>addons\ofxTSP\src\ofxTSP</Filter>
    </ClInclude>
    <ClInclude Include="..\..\ofxTSP\src\ofxTSP\Route.h">
      <Filter>addons\ofxTSP\src\ofxTSP</Filter>
    </ClInclude>
    <ClInclude Include="..\..\ofxTSP\src\ofxTSP\RouteFind.h">
      <Filter>addons\ofxTSP\src\ofxTSP</Filter>
    </ClInclude>
    <ClInclude Include="..\..\ofxTSP\src\ofxTSP\Solver.h">
      <Filter>addons\ofxTSP\src\ofxTSP</Filter>
    </ClInclude>
    <ClInclude Include="..\..\ofxTSP\src\ofxTSP\BruteForce.h">
      <Filter>addons\ofxTSP\src\ofxTSP</Filter>
    </ClInclude>
    <ClInclude Include="..\..\ofxTSP\src\ofxTSP\Journey.h">
      <Filter>addons\ofxTSP\src\ofxTSP</Filter>
    </ClInclude>
    <ClInclude Include="..\..\ofxAssets\src\ofxAssets.h">
      <Filter>addons\ofxAssets\src</Filter>
    </ClInclude>
    <ClInclude Include="..\..\ofxNonLinearFit\src\ofxNonLinearFit.h">
      <Filter>addons\ofxNonLinearFit\src</Filter>
    </ClInclude>
    <ClInclude Include="..\..\ofxNonLinearFit\src\ofxNonLinearFit\Algorithm.h">
      <Filter>addons\ofxNonLinearFit\src\ofxNonLinearFit</Filter>
    </ClInclude>
    <ClInclude Include="..\..\ofxNonLinearFit\src\ofxNonLinearFit\Fit.h">
      <Filter>addons\ofxNonLinearFit\src\ofxNonLinearFit</Filter>
    </ClInclude>
    <ClInclude Include="..\..\ofxNonLinearFit\src\ofxNonLinearFit\Utils.h">
      <Filter>addons\ofxNonLinearFit\src\ofxNonLinearFit</Filter>
    </ClInclude>
    <ClInclude Include="..\..\ofxNonLinearFit\src\ofxNonLinearFit\Models\RigidBody.h">
      <Filter>addons\ofxNonLinearFit\src\ofxNonLinearFit\Models</Filter>
    </ClInclude>
    <ClInclude Include="..\..\ofxNonLinearFit\lib\NLopt\include\nlopt.h">
      <Filter>addons\ofxNonLinearFit\lib\NLopt\include</Filter>
    </ClInclude>
    <ClInclude Include="..\..\ofxNonLinearFit\lib\NLopt\include\nlopt.hpp">
      <Filter>addons\ofxNonLinearFit\lib\NLopt\include</Filter>
    </ClInclude>
    <ClInclude Include="..\..\ofxNonLinearFit\src\ofxNonLinearFit\Models\Base.h">
      <Filter>addons\ofxNonLinearFit\src\ofxNonLinearFit\Models</Filter>
    </ClInclude>
    <ClInclude Include="..\src\ofxMultiTrack\Align\Factory.h">
      <Filter>src\ofxMultiTrack\Align</Filter>
    </ClInclude>
    <ClInclude Include="..\src\ofxMultiTrack\Align\RigidBodyFit.h">
      <Filter>src\ofxMultiTrack\Align</Filter>
    </ClInclude>
    <ClInclude Include="..\src\ofxMultiTrack\ServerData\OutputFrame.h">
      <Filter>src\ofxMultiTrack\ServerData</Filter>
    </ClInclude>
    <ClInclude Include="..\src\ofxMultiTrack\ServerData\Parameters.h">
      <Filter>src\ofxMultiTrack\ServerData</Filter>
    </ClInclude>
    <ClInclude Include="..\src\ofxMultiTrack\Align\MatrixTransform.h">
      <Filter>src\ofxMultiTrack\Align</Filter>
    </ClInclude>
    <ClInclude Include="..\src\ofxMultiTrack\Modules\PreviewRGB.h">
      <Filter>src\ofxMultiTrack\Modules</Filter>
    </ClInclude>
    <ClInclude Include="..\..\ofxKinectCommonBridge\libs\KinectCommonBridge\include\SensorManager.h">
      <Filter>addons\ofxKinectCommonBridge\libs\KinectCommonBridge\include</Filter>
    </ClInclude>
    <ClInclude Include="..\src\ofxMultiTrack\Modules\Mesh.h">
      <Filter>src\ofxMultiTrack\Modules</Filter>
    </ClInclude>
    <ClInclude Include="..\..\ofxTriangle\src\ofxTriangle.h">
      <Filter>addons\ofxTriangle\src</Filter>
    </ClInclude>
    <ClInclude Include="..\..\ofxTriangle\libs\Triangle\include\assert.hpp">
      <Filter>addons\ofxTriangle\libs\Triangle\include</Filter>
    </ClInclude>
    <ClInclude Include="..\..\ofxTriangle\libs\Triangle\include\del_interface.hpp">
      <Filter>addons\ofxTriangle\libs\Triangle\include</Filter>
    </ClInclude>
    <ClInclude Include="..\..\ofxTriangle\libs\Triangle\include\dpoint.hpp">
      <Filter>addons\ofxTriangle\libs\Triangle\include</Filter>
    </ClInclude>
    <ClInclude Include="..\..\ofxTriangle\libs\Triangle\include\triangle.h">
      <Filter>addons\ofxTriangle\libs\Triangle\include</Filter>
    </ClInclude>
    <ClInclude Include="..\..\ofxTriangle\libs\Triangle\include\triangle_impl.hpp">
      <Filter>addons\ofxTriangle\libs\Triangle\include</Filter>
    </ClInclude>
    <ClInclude Include="..\..\ofxOsc\libs\oscpack\src\ip\IpEndpointName.h">
      <Filter>addons\ofxOsc\libs\oscpack\src\ip</Filter>
    </ClInclude>
    <ClInclude Include="..\..\ofxOsc\libs\oscpack\src\ip\NetworkingUtils.h">
      <Filter>addons\ofxOsc\libs\oscpack\src\ip</Filter>
    </ClInclude>
    <ClInclude Include="..\..\ofxOsc\libs\oscpack\src\ip\PacketListener.h">
      <Filter>addons\ofxOsc\libs\oscpack\src\ip</Filter>
    </ClInclude>
    <ClInclude Include="..\..\ofxOsc\libs\oscpack\src\ip\TimerListener.h">
      <Filter>addons\ofxOsc\libs\oscpack\src\ip</Filter>
    </ClInclude>
    <ClInclude Include="..\..\ofxOsc\libs\oscpack\src\ip\UdpSocket.h">
      <Filter>addons\ofxOsc\libs\oscpack\src\ip</Filter>
    </ClInclude>
    <ClInclude Include="..\..\ofxOsc\libs\oscpack\src\osc\OscOutboundPacketStream.h">
      <Filter>addons\ofxOsc\libs\oscpack\src\osc</Filter>
    </ClInclude>
    <ClInclude Include="..\..\ofxOsc\libs\oscpack\src\osc\OscPacketListener.h">
      <Filter>addons\ofxOsc\libs\oscpack\src\osc</Filter>
    </ClInclude>
    <ClInclude Include="..\..\ofxOsc\libs\oscpack\src\osc\OscPrintReceivedElements.h">
      <Filter>addons\ofxOsc\libs\oscpack\src\osc</Filter>
    </ClInclude>
    <ClInclude Include="..\..\ofxOsc\libs\oscpack\src\osc\OscReceivedElements.h">
      <Filter>addons\ofxOsc\libs\oscpack\src\osc</Filter>
    </ClInclude>
    <ClInclude Include="..\..\ofxOsc\libs\oscpack\src\osc\OscTypes.h">
      <Filter>addons\ofxOsc\libs\oscpack\src\osc</Filter>
    </ClInclude>
    <ClInclude Include="..\..\ofxOsc\libs\oscpack\src\osc\MessageMappingOscPacketListener.h">
      <Filter>addons\ofxOsc\libs\oscpack\src\osc</Filter>
    </ClInclude>
    <ClInclude Include="..\..\ofxOsc\libs\oscpack\src\osc\OscException.h">
      <Filter>addons\ofxOsc\libs\oscpack\src\osc</Filter>
    </ClInclude>
    <ClInclude Include="..\..\ofxOsc\libs\oscpack\src\osc\OscHostEndianness.h">
      <Filter>addons\ofxOsc\libs\oscpack\src\osc</Filter>
    </ClInclude>
    <ClInclude Include="..\..\ofxOsc\src\ofxOscBundle.h">
      <Filter>addons\ofxOsc\src</Filter>
    </ClInclude>
    <ClInclude Include="..\..\ofxOsc\src\ofxOscMessage.h">
      <Filter>addons\ofxOsc\src</Filter>
    </ClInclude>
    <ClInclude Include="..\..\ofxOsc\src\ofxOscParameterSync.h">
      <Filter>addons\ofxOsc\src</Filter>
    </ClInclude>
    <ClInclude Include="..\..\ofxOsc\src\ofxOscReceiver.h">
      <Filter>addons\ofxOsc\src</Filter>
    </ClInclude>
    <ClInclude Include="..\..\ofxOsc\src\ofxOscSender.h">
      <Filter>addons\ofxOsc\src</Filter>
    </ClInclude>
    <ClInclude Include="..\..\ofxOsc\src\ofxOsc.h">
      <Filter>addons\ofxOsc\src</Filter>
    </ClInclude>
    <ClInclude Include="..\..\ofxOsc\src\ofxOscArg.h">
      <Filter>addons\ofxOsc\src</Filter>
    </ClInclude>
  </ItemGroup>
  <ItemGroup>
    <ClCompile Include="..\..\ofxNetwork\src\ofxTCPClient.cpp">
      <Filter>addons\ofxNetwork\src</Filter>
    </ClCompile>
    <ClCompile Include="..\..\ofxNetwork\src\ofxTCPManager.cpp">
      <Filter>addons\ofxNetwork\src</Filter>
    </ClCompile>
    <ClCompile Include="..\..\ofxNetwork\src\ofxTCPServer.cpp">
      <Filter>addons\ofxNetwork\src</Filter>
    </ClCompile>
    <ClCompile Include="..\..\ofxNetwork\src\ofxUDPManager.cpp">
      <Filter>addons\ofxNetwork\src</Filter>
    </ClCompile>
    <ClCompile Include="..\..\ofxJSON\src\ofxJSONElement.cpp">
      <Filter>addons\ofxJSON\src</Filter>
    </ClCompile>
    <ClCompile Include="..\..\ofxJSON\libs\jsoncpp\src\json_reader.cpp">
      <Filter>addons\ofxJSON\libs\jsoncpp\src</Filter>
    </ClCompile>
    <ClCompile Include="..\..\ofxJSON\libs\jsoncpp\src\json_value.cpp">
      <Filter>addons\ofxJSON\libs\jsoncpp\src</Filter>
    </ClCompile>
    <ClCompile Include="..\..\ofxJSON\libs\jsoncpp\src\json_writer.cpp">
      <Filter>addons\ofxJSON\libs\jsoncpp\src</Filter>
    </ClCompile>
    <ClCompile Include="..\..\ofxKinectCommonBridge\src\ofxKinectCommonBridge.cpp">
      <Filter>addons\ofxKinectCommonBridge\src</Filter>
    </ClCompile>
    <ClCompile Include="..\src\ofxMultiTrack\Node.cpp">
      <Filter>src\ofxMultiTrack</Filter>
    </ClCompile>
    <ClCompile Include="..\src\ofxMultiTrack\Devices\KinectSDK.cpp">
      <Filter>src\ofxMultiTrack\Devices</Filter>
    </ClCompile>
    <ClCompile Include="..\src\ofxMultiTrack\Modules\Skeleton.cpp">
      <Filter>src\ofxMultiTrack\Modules</Filter>
    </ClCompile>
    <ClCompile Include="..\src\ofxMultiTrack\Server.cpp">
      <Filter>src\ofxMultiTrack</Filter>
    </ClCompile>
    <ClCompile Include="..\src\ofxMultiTrack\Utils\Types.cpp">
      <Filter>src\ofxMultiTrack\Utils</Filter>
    </ClCompile>
    <ClCompile Include="..\src\ofxMultiTrack\ServerData\Recording.cpp">
      <Filter>src\ofxMultiTrack\ServerData</Filter>
    </ClCompile>
    <ClCompile Include="..\src\ofxMultiTrack\ServerData\NodeConnection.cpp">
      <Filter>src\ofxMultiTrack\ServerData</Filter>
    </ClCompile>
    <ClCompile Include="..\src\ofxMultiTrack\ServerData\Recorder.cpp">
      <Filter>src\ofxMultiTrack\ServerData</Filter>
    </ClCompile>
    <ClCompile Include="..\..\ofxPolyfit\libs\PolyNFit\src\basisTransformIndices.cpp">
      <Filter>addons\ofxPolyfit\libs\PolyNFit\src</Filter>
    </ClCompile>
    <ClCompile Include="..\..\ofxPolyfit\libs\PolyNFit\src\FitBase.cpp">
      <Filter>addons\ofxPolyfit\libs\PolyNFit\src</Filter>
    </ClCompile>
    <ClCompile Include="..\..\ofxPolyfit\libs\PolyNFit\src\matrix.cpp">
      <Filter>addons\ofxPolyfit\libs\PolyNFit\src</Filter>
    </ClCompile>
    <ClCompile Include="..\..\ofxPolyfit\libs\PolyNFit\src\polyNfit.cpp">
      <Filter>addons\ofxPolyfit\libs\PolyNFit\src</Filter>
    </ClCompile>
    <ClCompile Include="..\..\ofxPolyfit\libs\PolyNFit\src\powerBases.cpp">
      <Filter>addons\ofxPolyfit\libs\PolyNFit\src</Filter>
    </ClCompile>
    <ClCompile Include="..\..\ofxPolyfit\libs\PolyNFit\src\Data\pfitDataPoint.cpp">
      <Filter>addons\ofxPolyfit\libs\PolyNFit\src\Data</Filter>
    </ClCompile>
    <ClCompile Include="..\..\ofxPolyfit\libs\PolyNFit\src\Data\pfitDataSet.cpp">
      <Filter>addons\ofxPolyfit\libs\PolyNFit\src\Data</Filter>
    </ClCompile>
    <ClCompile Include="..\..\ofxPolyfit\libs\PolyNFit\src\Data\pfitBasis.cpp">
      <Filter>addons\ofxPolyfit\libs\PolyNFit\src\Data</Filter>
    </ClCompile>
    <ClCompile Include="..\..\ofxPolyfit\src\ofxPolyPlane.cpp">
      <Filter>addons\ofxPolyfit\src</Filter>
    </ClCompile>
    <ClCompile Include="..\..\ofxPolyfit\src\ofxPolyFit.cpp">
      <Filter>addons\ofxPolyfit\src</Filter>
    </ClCompile>
    <ClCompile Include="..\src\ofxMultiTrack\Align\PolyFit.cpp">
      <Filter>src\ofxMultiTrack\Align</Filter>
    </ClCompile>
    <ClCompile Include="..\src\ofxMultiTrack\ServerData\NodeSet.cpp">
      <Filter>src\ofxMultiTrack\ServerData</Filter>
    </ClCompile>
    <ClCompile Include="..\src\ofxMultiTrack\ServerData\User.cpp">
      <Filter>src\ofxMultiTrack\ServerData</Filter>
    </ClCompile>
    <ClCompile Include="..\..\ofxTSP\src\ofxTSP\Problem.cpp">
      <Filter>addons\ofxTSP\src\ofxTSP</Filter>
    </ClCompile>
    <ClCompile Include="..\..\ofxTSP\src\ofxTSP\Route.cpp">
      <Filter>addons\ofxTSP\src\ofxTSP</Filter>
    </ClCompile>
    <ClCompile Include="..\..\ofxTSP\src\ofxTSP\RouteFind.cpp">
      <Filter>addons\ofxTSP\src\ofxTSP</Filter>
    </ClCompile>
    <ClCompile Include="..\..\ofxTSP\src\ofxTSP\BruteForce.cpp">
      <Filter>addons\ofxTSP\src\ofxTSP</Filter>
    </ClCompile>
    <ClCompile Include="..\..\ofxTSP\src\ofxTSP\Journey.cpp">
      <Filter>addons\ofxTSP\src\ofxTSP</Filter>
    </ClCompile>
    <ClCompile Include="..\..\ofxAssets\src\ofxAssets.cpp">
      <Filter>addons\ofxAssets\src</Filter>
    </ClCompile>
    <ClCompile Include="..\..\ofxNonLinearFit\src\ofxNonLinearFit\Algorithm.cpp">
      <Filter>addons\ofxNonLinearFit\src\ofxNonLinearFit</Filter>
    </ClCompile>
    <ClCompile Include="..\..\ofxNonLinearFit\src\ofxNonLinearFit\Models\RigidBody.cpp">
      <Filter>addons\ofxNonLinearFit\src\ofxNonLinearFit\Models</Filter>
    </ClCompile>
    <ClCompile Include="..\src\ofxMultiTrack\Align\Factory.cpp">
      <Filter>src\ofxMultiTrack\Align</Filter>
    </ClCompile>
    <ClCompile Include="..\src\ofxMultiTrack\Align\RigidBodyFit.cpp">
      <Filter>src\ofxMultiTrack\Align</Filter>
    </ClCompile>
    <ClCompile Include="..\src\ofxMultiTrack\ServerData\Parameters.cpp">
      <Filter>src\ofxMultiTrack\ServerData</Filter>
    </ClCompile>
    <ClCompile Include="..\src\ofxMultiTrack\Align\MatrixTransform.cpp">
      <Filter>src\ofxMultiTrack\Align</Filter>
    </ClCompile>
    <ClCompile Include="..\src\ofxMultiTrack\Modules\PreviewRGB.cpp">
      <Filter>src\ofxMultiTrack\Modules</Filter>
    </ClCompile>
    <ClCompile Include="..\src\ofxMultiTrack\Modules\Mesh.cpp">
      <Filter>src\ofxMultiTrack\Modules</Filter>
    </ClCompile>
    <ClCompile Include="..\..\ofxTriangle\src\ofxTriangle.cpp">
      <Filter>addons\ofxTriangle\src</Filter>
    </ClCompile>
    <ClCompile Include="..\..\ofxTriangle\libs\Triangle\src\del_impl.cpp">
      <Filter>addons\ofxTriangle\libs\Triangle\src</Filter>
    </ClCompile>
    <ClCompile Include="..\..\ofxTriangle\libs\Triangle\src\assert.cpp">
      <Filter>addons\ofxTriangle\libs\Triangle\src</Filter>
    </ClCompile>
    <ClCompile Include="..\..\ofxOsc\libs\oscpack\src\ip\IpEndpointName.cpp">
      <Filter>addons\ofxOsc\libs\oscpack\src\ip</Filter>
    </ClCompile>
    <ClCompile Include="..\..\ofxOsc\libs\oscpack\src\ip\win32\UdpSocketWin.cpp">
      <Filter>addons\ofxOsc\libs\oscpack\src\ip\win32</Filter>
    </ClCompile>
    <ClCompile Include="..\..\ofxOsc\libs\oscpack\src\ip\win32\NetworkingUtilsWin.cpp">
      <Filter>addons\ofxOsc\libs\oscpack\src\ip\win32</Filter>
    </ClCompile>
    <ClCompile Include="..\..\ofxOsc\libs\oscpack\src\osc\OscOutboundPacketStream.cpp">
      <Filter>addons\ofxOsc\libs\oscpack\src\osc</Filter>
    </ClCompile>
    <ClCompile Include="..\..\ofxOsc\libs\oscpack\src\osc\OscPrintReceivedElements.cpp">
      <Filter>addons\ofxOsc\libs\oscpack\src\osc</Filter>
    </ClCompile>
    <ClCompile Include="..\..\ofxOsc\libs\oscpack\src\osc\OscReceivedElements.cpp">
      <Filter>addons\ofxOsc\libs\oscpack\src\osc</Filter>
    </ClCompile>
    <ClCompile Include="..\..\ofxOsc\libs\oscpack\src\osc\OscTypes.cpp">
      <Filter>addons\ofxOsc\libs\oscpack\src\osc</Filter>
    </ClCompile>
    <ClCompile Include="..\..\ofxOsc\src\ofxOscMessage.cpp">
      <Filter>addons\ofxOsc\src</Filter>
    </ClCompile>
    <ClCompile Include="..\..\ofxOsc\src\ofxOscParameterSync.cpp">
      <Filter>addons\ofxOsc\src</Filter>
    </ClCompile>
    <ClCompile Include="..\..\ofxOsc\src\ofxOscReceiver.cpp">
      <Filter>addons\ofxOsc\src</Filter>
    </ClCompile>
    <ClCompile Include="..\..\ofxOsc\src\ofxOscSender.cpp">
      <Filter>addons\ofxOsc\src</Filter>
    </ClCompile>
    <ClCompile Include="..\..\ofxOsc\src\ofxOscBundle.cpp">
      <Filter>addons\ofxOsc\src</Filter>
    </ClCompile>
  </ItemGroup>
</Project>